
Microsoft Visual Studio Solution File, Format Version 12.00
# Visual Studio Version 17
VisualStudioVersion = 17.7.34221.43
MinimumVisualStudioVersion = 10.0.40219.1
Project("{54A90642-561A-4BB1-A94E-469ADEE60C69}") = "angularapp", "angularapp\angularapp.esproj", "{B94C6ACC-F453-4EBE-954B-08DB49CEC5BE}"
EndProject
Project("{9A19103F-16F7-4668-BE54-9A1E7A4F7556}") = "webapi", "webapi\webapi.csproj", "{6CC53064-DCA7-4D80-8BD9-D5127E7EE95C}"
EndProject
Project("{FAE04EC0-301F-11D3-BF4B-00C04F79EFBC}") = "Infrastructure", "Infrastructure\Infrastructure.csproj", "{A1E35E15-B530-41F9-94D7-E8BBD5EC9667}"
EndProject
Project("{FAE04EC0-301F-11D3-BF4B-00C04F79EFBC}") = "Business", "Business\Business.csproj", "{C27EE156-C7B4-49B8-8285-FC11C097C985}"
EndProject
Global
	GlobalSection(SolutionConfigurationPlatforms) = preSolution
		Debug|Any CPU = Debug|Any CPU
		Release|Any CPU = Release|Any CPU
	EndGlobalSection
	GlobalSection(ProjectConfigurationPlatforms) = postSolution
		{B94C6ACC-F453-4EBE-954B-08DB49CEC5BE}.Debug|Any CPU.ActiveCfg = Debug|Any CPU
		{B94C6ACC-F453-4EBE-954B-08DB49CEC5BE}.Debug|Any CPU.Build.0 = Debug|Any CPU
		{B94C6ACC-F453-4EBE-954B-08DB49CEC5BE}.Debug|Any CPU.Deploy.0 = Debug|Any CPU
		{B94C6ACC-F453-4EBE-954B-08DB49CEC5BE}.Release|Any CPU.ActiveCfg = Release|Any CPU
		{B94C6ACC-F453-4EBE-954B-08DB49CEC5BE}.Release|Any CPU.Build.0 = Release|Any CPU
		{B94C6ACC-F453-4EBE-954B-08DB49CEC5BE}.Release|Any CPU.Deploy.0 = Release|Any CPU
		{6CC53064-DCA7-4D80-8BD9-D5127E7EE95C}.Debug|Any CPU.ActiveCfg = Debug|Any CPU
		{6CC53064-DCA7-4D80-8BD9-D5127E7EE95C}.Debug|Any CPU.Build.0 = Debug|Any CPU
		{6CC53064-DCA7-4D80-8BD9-D5127E7EE95C}.Release|Any CPU.ActiveCfg = Release|Any CPU
		{6CC53064-DCA7-4D80-8BD9-D5127E7EE95C}.Release|Any CPU.Build.0 = Release|Any CPU
		{A1E35E15-B530-41F9-94D7-E8BBD5EC9667}.Debug|Any CPU.ActiveCfg = Debug|Any CPU
		{A1E35E15-B530-41F9-94D7-E8BBD5EC9667}.Debug|Any CPU.Build.0 = Debug|Any CPU
		{A1E35E15-B530-41F9-94D7-E8BBD5EC9667}.Release|Any CPU.ActiveCfg = Release|Any CPU
		{A1E35E15-B530-41F9-94D7-E8BBD5EC9667}.Release|Any CPU.Build.0 = Release|Any CPU
		{C27EE156-C7B4-49B8-8285-FC11C097C985}.Debug|Any CPU.ActiveCfg = Debug|Any CPU
		{C27EE156-C7B4-49B8-8285-FC11C097C985}.Debug|Any CPU.Build.0 = Debug|Any CPU
		{C27EE156-C7B4-49B8-8285-FC11C097C985}.Release|Any CPU.ActiveCfg = Release|Any CPU
		{C27EE156-C7B4-49B8-8285-FC11C097C985}.Release|Any CPU.Build.0 = Release|Any CPU
	EndGlobalSection
	GlobalSection(SolutionProperties) = preSolution
		HideSolutionNode = FALSE
	EndGlobalSection
	GlobalSection(ExtensibilityGlobals) = postSolution
		SolutionGuid = {EE62D5A1-8877-4EE5-A92F-E73D4A07A06F}
	EndGlobalSection
EndGlobal
